// !$*UTF8*$!
{
	archiveVersion = 1;
	classes = {
	};
	objectVersion = 77;
	objects = {

/* Begin PBXBuildFile section */
		00BB755ADC04708DB0A2A795 /* PocketPadInputLatencySimulation.swift in Sources */ = {isa = PBXBuildFile; fileRef = 453277C67DD55AD55623F995 /* PocketPadInputLatencySimulation.swift */; };
		0E93A7C578442F1CD9ABB949 /* GamepadDesignSystem.swift in Sources */ = {isa = PBXBuildFile; fileRef = 8D3A0F4D2B5DA758A47BE78A /* GamepadDesignSystem.swift */; };
		107405E3AE806F7FC3ACBDE6 /* GamepadCustomization.swift in Sources */ = {isa = PBXBuildFile; fileRef = 922775E765487887F3837392 /* GamepadCustomization.swift */; };
		1BEA0B3F4FF8DCD810392FCD /* ButtonPulseSequencer.swift in Sources */ = {isa = PBXBuildFile; fileRef = 0B6B6EC92CF5271AC7C1C5AC /* ButtonPulseSequencer.swift */; };
		1CEC429B738164F29705D382 /* PairingPayload.swift in Sources */ = {isa = PBXBuildFile; fileRef = ED972AD760E84285E8C4B596 /* PairingPayload.swift */; };
		1D8B937A73EE3C3E3915A530 /* GamepadEditorDeviceCatalog.swift in Sources */ = {isa = PBXBuildFile; fileRef = 6DA34DBC7CEC14A47E61489E /* GamepadEditorDeviceCatalog.swift */; };
		219120CF4CD32EE487DD3D1B /* KeyboardInjector.swift in Sources */ = {isa = PBXBuildFile; fileRef = 82F6D6EFB1D6903413D75DDC /* KeyboardInjector.swift */; };
		299593C0CF1B6126269721F9 /* GamepadLayoutQuality.swift in Sources */ = {isa = PBXBuildFile; fileRef = BA1A45662AC7C95053646856 /* GamepadLayoutQuality.swift */; };
		2E05D8EBAD0CAD586BF9BEED /* MacControllerServer.swift in Sources */ = {isa = PBXBuildFile; fileRef = 0C89F51B6A80B1068097A64E /* MacControllerServer.swift */; };
		2EE262F8498497E662C63A0A /* GamepadEditorDeviceCatalog.swift in Sources */ = {isa = PBXBuildFile; fileRef = 6DA34DBC7CEC14A47E61489E /* GamepadEditorDeviceCatalog.swift */; };
		306764D957EC599CF5552E3A /* GamepadOutputTypes.swift in Sources */ = {isa = PBXBuildFile; fileRef = 0A6E14C0396B7312432CF8E0 /* GamepadOutputTypes.swift */; };
		329F09B06CF394A63DBCCA5D /* GamepadOutputTypes.swift in Sources */ = {isa = PBXBuildFile; fileRef = 0A6E14C0396B7312432CF8E0 /* GamepadOutputTypes.swift */; };
		334E14AB0FC604AAC2E6FE72 /* GamepadDesignSystem.swift in Sources */ = {isa = PBXBuildFile; fileRef = 8D3A0F4D2B5DA758A47BE78A /* GamepadDesignSystem.swift */; };
		33F3A7E2D25E3B5C317AE148 /* PocketPadInputLatencySimulation.swift in Sources */ = {isa = PBXBuildFile; fileRef = 453277C67DD55AD55623F995 /* PocketPadInputLatencySimulation.swift */; };
		352AE6CBE204A93C42C143D1 /* GamepadDesignSystem.swift in Sources */ = {isa = PBXBuildFile; fileRef = 8D3A0F4D2B5DA758A47BE78A /* GamepadDesignSystem.swift */; };
		36ABDA3F3EFFD4A1124BCF5C /* GeistDesign.swift in Sources */ = {isa = PBXBuildFile; fileRef = A4588ADAD4AD4DB008BBFD16 /* GeistDesign.swift */; };
		3B3F4E17027BF839AE4ACF97 /* MacControlOutputBinding.swift in Sources */ = {isa = PBXBuildFile; fileRef = B3F246A3CA1C18529AF35700 /* MacControlOutputBinding.swift */; };
		3BB1AE0B303818DE1B7AAD41 /* ControllerClient.swift in Sources */ = {isa = PBXBuildFile; fileRef = 6F8E4E0048EB775369CAB45B /* ControllerClient.swift */; };
		45FBD400874A016245675BE8 /* QRCodeScannerView.swift in Sources */ = {isa = PBXBuildFile; fileRef = F6628198D96F8304B59FD6AF /* QRCodeScannerView.swift */; };
		4687661823546351CD6C1146 /* ControllerProtocol.swift in Sources */ = {isa = PBXBuildFile; fileRef = F31191DC6BBA1B5A23E1A5BA /* ControllerProtocol.swift */; };
		46D78851C48FE140E8B3F840 /* PointerInjector.swift in Sources */ = {isa = PBXBuildFile; fileRef = 64A51251EA7E80E0F6DE48C2 /* PointerInjector.swift */; };
		48299BA6EFD9AC53F8359174 /* GamepadLayoutResolverSmokeTests.swift in Sources */ = {isa = PBXBuildFile; fileRef = 427655EF8F8DCCDDF4151EFD /* GamepadLayoutResolverSmokeTests.swift */; };
		49CF065CF4DBF0EC25D0C2F2 /* ButtonPulseSequencer.swift in Sources */ = {isa = PBXBuildFile; fileRef = 0B6B6EC92CF5271AC7C1C5AC /* ButtonPulseSequencer.swift */; };
		4E941CD6F638E01A06227B0B /* PocketPadCLI.swift in Sources */ = {isa = PBXBuildFile; fileRef = D30507A98A59620D45824305 /* PocketPadCLI.swift */; };
		500B3137F3761D118DFA0802 /* PocketPadCLISmokeTestSuite.swift in Sources */ = {isa = PBXBuildFile; fileRef = 2585E3D7919C41B0DD1E3732 /* PocketPadCLISmokeTestSuite.swift */; };
		51E7979A47EC71A3FB7DE9B5 /* GamepadEditorDeviceCatalog.swift in Sources */ = {isa = PBXBuildFile; fileRef = 6DA34DBC7CEC14A47E61489E /* GamepadEditorDeviceCatalog.swift */; };
		526B15970673DD97D7EAC8B9 /* GameKeypadGenerator.swift in Sources */ = {isa = PBXBuildFile; fileRef = F6D8F46431AADCA454869111 /* GameKeypadGenerator.swift */; };
		530A5F92DD54A44268A2F110 /* ControllerActiveInputStateSmokeTests.swift in Sources */ = {isa = PBXBuildFile; fileRef = A4C941A9BD623939DB2E9AB8 /* ControllerActiveInputStateSmokeTests.swift */; };
		5491AD076F81ADCFF4B5A072 /* PocketPadiOSApp.swift in Sources */ = {isa = PBXBuildFile; fileRef = 252777ED386D695443B445F6 /* PocketPadiOSApp.swift */; };
		56C601121E8EC8C632CEACEA /* KeypadConfigurationExport.swift in Sources */ = {isa = PBXBuildFile; fileRef = AF66893E44A8CE1232825046 /* KeypadConfigurationExport.swift */; };
		57FB2550A180A899489C75D9 /* GeistDesign.swift in Sources */ = {isa = PBXBuildFile; fileRef = A4588ADAD4AD4DB008BBFD16 /* GeistDesign.swift */; };
		5CFB1D46E051BF18C690EE52 /* GamepadCustomization.swift in Sources */ = {isa = PBXBuildFile; fileRef = 922775E765487887F3837392 /* GamepadCustomization.swift */; };
		600038F03F8E323DDEFC0C29 /* ButtonPulseSequencer.swift in Sources */ = {isa = PBXBuildFile; fileRef = 0B6B6EC92CF5271AC7C1C5AC /* ButtonPulseSequencer.swift */; };
		68BC0F7D9631B5D7BD50F487 /* GamepadOutputTypes.swift in Sources */ = {isa = PBXBuildFile; fileRef = 0A6E14C0396B7312432CF8E0 /* GamepadOutputTypes.swift */; };
		6D9A335D0A47953AF7211A98 /* GamepadCustomization.swift in Sources */ = {isa = PBXBuildFile; fileRef = 922775E765487887F3837392 /* GamepadCustomization.swift */; };
		6DDE0A4FDE711087EBD7BEC3 /* KeypadConfigurationExport.swift in Sources */ = {isa = PBXBuildFile; fileRef = AF66893E44A8CE1232825046 /* KeypadConfigurationExport.swift */; };
		701820C62CC631B33C254E00 /* GameKeypadGenerator.swift in Sources */ = {isa = PBXBuildFile; fileRef = F6D8F46431AADCA454869111 /* GameKeypadGenerator.swift */; };
		702F53CB01697A5633B07EF6 /* ButtonPulseSequencerSmokeTests.swift in Sources */ = {isa = PBXBuildFile; fileRef = 24683D0731B15D6DF61D6DCF /* ButtonPulseSequencerSmokeTests.swift */; };
		7171DF3CC1D86D4BD09DD8C4 /* ControllerActiveInputState.swift in Sources */ = {isa = PBXBuildFile; fileRef = EF870EDBA108E27F43D3B007 /* ControllerActiveInputState.swift */; };
		749FE6F039F7C9420B5FA974 /* ControllerActiveInputState.swift in Sources */ = {isa = PBXBuildFile; fileRef = EF870EDBA108E27F43D3B007 /* ControllerActiveInputState.swift */; };
		760F88A66260ADDBDDD55C5D /* ButtonPulseSequencer.swift in Sources */ = {isa = PBXBuildFile; fileRef = 0B6B6EC92CF5271AC7C1C5AC /* ButtonPulseSequencer.swift */; };
		7A09C59F2704613658E499E6 /* PocketPadInputLatencySimulation.swift in Sources */ = {isa = PBXBuildFile; fileRef = 453277C67DD55AD55623F995 /* PocketPadInputLatencySimulation.swift */; };
		7DEA4DAFFE0AFC2D81C005BB /* PairingPayload.swift in Sources */ = {isa = PBXBuildFile; fileRef = ED972AD760E84285E8C4B596 /* PairingPayload.swift */; };
		7E0425ED4D6D3B06013B1F3F /* ControllerProtocol.swift in Sources */ = {isa = PBXBuildFile; fileRef = F31191DC6BBA1B5A23E1A5BA /* ControllerProtocol.swift */; };
		8EB08A83CAF108E952CB969F /* PocketPadInputLatencySimulation.swift in Sources */ = {isa = PBXBuildFile; fileRef = 453277C67DD55AD55623F995 /* PocketPadInputLatencySimulation.swift */; };
		90C7458E718B5427933E263D /* GeistDesign.swift in Sources */ = {isa = PBXBuildFile; fileRef = A4588ADAD4AD4DB008BBFD16 /* GeistDesign.swift */; };
		9669D2177D40EB3905605633 /* KeypadConfigurationExport.swift in Sources */ = {isa = PBXBuildFile; fileRef = AF66893E44A8CE1232825046 /* KeypadConfigurationExport.swift */; };
		9983709128C93FB81A5C4349 /* GamepadLayoutQuality.swift in Sources */ = {isa = PBXBuildFile; fileRef = BA1A45662AC7C95053646856 /* GamepadLayoutQuality.swift */; };
		A3DA9F5485B11EB360C1BC38 /* GameKeypadGenerator.swift in Sources */ = {isa = PBXBuildFile; fileRef = F6D8F46431AADCA454869111 /* GameKeypadGenerator.swift */; };
		A4FB8DCF1DA27105762132E7 /* GeistDesign.swift in Sources */ = {isa = PBXBuildFile; fileRef = A4588ADAD4AD4DB008BBFD16 /* GeistDesign.swift */; };
		A6428A691F1D21F414E62072 /* GamepadLayoutQuality.swift in Sources */ = {isa = PBXBuildFile; fileRef = BA1A45662AC7C95053646856 /* GamepadLayoutQuality.swift */; };
		A7794BC74ADDF42A158EE591 /* KeyMap.swift in Sources */ = {isa = PBXBuildFile; fileRef = 52DA2C9503876B04B5F82CED /* KeyMap.swift */; };
		A7B2D43579605A1DAB888102 /* GameKeypadGenerator.swift in Sources */ = {isa = PBXBuildFile; fileRef = F6D8F46431AADCA454869111 /* GameKeypadGenerator.swift */; };
		AEE86D2D421A00321BC28B13 /* PocketPadMacApp.swift in Sources */ = {isa = PBXBuildFile; fileRef = 8A0354CA7F7F471B40C715D4 /* PocketPadMacApp.swift */; };
		BC086D1DB6604D8BDB95E0D6 /* GamepadOutputTypes.swift in Sources */ = {isa = PBXBuildFile; fileRef = 0A6E14C0396B7312432CF8E0 /* GamepadOutputTypes.swift */; };
		BFB502B99DA1E1961E4C2137 /* InputLatencySimulationSmokeTests.swift in Sources */ = {isa = PBXBuildFile; fileRef = F593DC9906C55E314AD25FEC /* InputLatencySimulationSmokeTests.swift */; };
		C454C65277A03AB9C78150F4 /* ControllerActiveInputState.swift in Sources */ = {isa = PBXBuildFile; fileRef = EF870EDBA108E27F43D3B007 /* ControllerActiveInputState.swift */; };
		C70E7CCAB27EF1E99F638914 /* MacControlOutputBinding.swift in Sources */ = {isa = PBXBuildFile; fileRef = B3F246A3CA1C18529AF35700 /* MacControlOutputBinding.swift */; };
		CA54904E2A33552672BAE4A8 /* Assets.xcassets in Resources */ = {isa = PBXBuildFile; fileRef = FD78FB378801E9BB89ADC472 /* Assets.xcassets */; };
		CEB5D57147954DA28AE8D640 /* IOSContentView.swift in Sources */ = {isa = PBXBuildFile; fileRef = C1F9B7D6317F0548DB0C87CE /* IOSContentView.swift */; };
		D0329A5F2B9E58AF0E701A1E /* ControllerProtocol.swift in Sources */ = {isa = PBXBuildFile; fileRef = F31191DC6BBA1B5A23E1A5BA /* ControllerProtocol.swift */; };
		D2113CC27BF4077951FD74B7 /* MacContentView.swift in Sources */ = {isa = PBXBuildFile; fileRef = 5C2F6CF097E93197F4FD6CA8 /* MacContentView.swift */; };
		D257549EE055E058B191547E /* GamepadLayoutQuality.swift in Sources */ = {isa = PBXBuildFile; fileRef = BA1A45662AC7C95053646856 /* GamepadLayoutQuality.swift */; };
		D3C4D847C4BD79E1E49FA1AC /* KeypadConfigurationExport.swift in Sources */ = {isa = PBXBuildFile; fileRef = AF66893E44A8CE1232825046 /* KeypadConfigurationExport.swift */; };
		D5558ADF1D4BEC21EC65E5FE /* Assets.xcassets in Resources */ = {isa = PBXBuildFile; fileRef = D83664C1515CB78B79E90837 /* Assets.xcassets */; };
		D8CA46B091015C9E09D8FDB4 /* GamepadDesignSystem.swift in Sources */ = {isa = PBXBuildFile; fileRef = 8D3A0F4D2B5DA758A47BE78A /* GamepadDesignSystem.swift */; };
		DC8E6F658D75509CDD7413DA /* VirtualGamepadInjector.swift in Sources */ = {isa = PBXBuildFile; fileRef = AEFA9CEFCA7FEE8A52FB94AE /* VirtualGamepadInjector.swift */; };
		DFCCAEE5B80CCBD56D1DA19F /* KeyMap.swift in Sources */ = {isa = PBXBuildFile; fileRef = 52DA2C9503876B04B5F82CED /* KeyMap.swift */; };
		E5F19FD36059BCE180B0C61D /* GamepadEditorDeviceCatalog.swift in Sources */ = {isa = PBXBuildFile; fileRef = 6DA34DBC7CEC14A47E61489E /* GamepadEditorDeviceCatalog.swift */; };
		E6463CACF06A58E8D36A7A0E /* ControllerActiveInputState.swift in Sources */ = {isa = PBXBuildFile; fileRef = EF870EDBA108E27F43D3B007 /* ControllerActiveInputState.swift */; };
		E9777B1E6B22CB4D293A0DB9 /* TouchCaptureView.swift in Sources */ = {isa = PBXBuildFile; fileRef = 59D3034E486928F2E986F424 /* TouchCaptureView.swift */; };
		EF8D066BCD747261677E536A /* ControllerProtocol.swift in Sources */ = {isa = PBXBuildFile; fileRef = F31191DC6BBA1B5A23E1A5BA /* ControllerProtocol.swift */; };
		F38907CC2E45FC5D72A2AB62 /* PairingPayload.swift in Sources */ = {isa = PBXBuildFile; fileRef = ED972AD760E84285E8C4B596 /* PairingPayload.swift */; };
		F5D0B68EBF703C066E2B886B /* PairingPayload.swift in Sources */ = {isa = PBXBuildFile; fileRef = ED972AD760E84285E8C4B596 /* PairingPayload.swift */; };
		FB4488BF86CC171B27870AB7 /* GamepadCustomization.swift in Sources */ = {isa = PBXBuildFile; fileRef = 922775E765487887F3837392 /* GamepadCustomization.swift */; };
/* End PBXBuildFile section */

/* Begin PBXFileReference section */
		0A6E14C0396B7312432CF8E0 /* GamepadOutputTypes.swift */ = {isa = PBXFileReference; lastKnownFileType = sourcecode.swift; path = GamepadOutputTypes.swift; sourceTree = "<group>"; };
		0B6B6EC92CF5271AC7C1C5AC /* ButtonPulseSequencer.swift */ = {isa = PBXFileReference; lastKnownFileType = sourcecode.swift; path = ButtonPulseSequencer.swift; sourceTree = "<group>"; };
		0C89F51B6A80B1068097A64E /* MacControllerServer.swift */ = {isa = PBXFileReference; lastKnownFileType = sourcecode.swift; path = MacControllerServer.swift; sourceTree = "<group>"; };
		24683D0731B15D6DF61D6DCF /* ButtonPulseSequencerSmokeTests.swift */ = {isa = PBXFileReference; lastKnownFileType = sourcecode.swift; path = ButtonPulseSequencerSmokeTests.swift; sourceTree = "<group>"; };
		252777ED386D695443B445F6 /* PocketPadiOSApp.swift */ = {isa = PBXFileReference; lastKnownFileType = sourcecode.swift; path = PocketPadiOSApp.swift; sourceTree = "<group>"; };
		2585E3D7919C41B0DD1E3732 /* PocketPadCLISmokeTestSuite.swift */ = {isa = PBXFileReference; lastKnownFileType = sourcecode.swift; path = PocketPadCLISmokeTestSuite.swift; sourceTree = "<group>"; };
		427655EF8F8DCCDDF4151EFD /* GamepadLayoutResolverSmokeTests.swift */ = {isa = PBXFileReference; lastKnownFileType = sourcecode.swift; path = GamepadLayoutResolverSmokeTests.swift; sourceTree = "<group>"; };
		453277C67DD55AD55623F995 /* PocketPadInputLatencySimulation.swift */ = {isa = PBXFileReference; lastKnownFileType = sourcecode.swift; path = PocketPadInputLatencySimulation.swift; sourceTree = "<group>"; };
		52DA2C9503876B04B5F82CED /* KeyMap.swift */ = {isa = PBXFileReference; lastKnownFileType = sourcecode.swift; path = KeyMap.swift; sourceTree = "<group>"; };
		59D3034E486928F2E986F424 /* TouchCaptureView.swift */ = {isa = PBXFileReference; lastKnownFileType = sourcecode.swift; path = TouchCaptureView.swift; sourceTree = "<group>"; };
		5C2F6CF097E93197F4FD6CA8 /* MacContentView.swift */ = {isa = PBXFileReference; lastKnownFileType = sourcecode.swift; path = MacContentView.swift; sourceTree = "<group>"; };
		64A51251EA7E80E0F6DE48C2 /* PointerInjector.swift */ = {isa = PBXFileReference; lastKnownFileType = sourcecode.swift; path = PointerInjector.swift; sourceTree = "<group>"; };
		681B687067A5F4292A2D4111 /* PocketPadMac.app */ = {isa = PBXFileReference; explicitFileType = wrapper.application; includeInIndex = 0; path = PocketPadMac.app; sourceTree = BUILT_PRODUCTS_DIR; };
		6DA34DBC7CEC14A47E61489E /* GamepadEditorDeviceCatalog.swift */ = {isa = PBXFileReference; lastKnownFileType = sourcecode.swift; path = GamepadEditorDeviceCatalog.swift; sourceTree = "<group>"; };
		6F8E4E0048EB775369CAB45B /* ControllerClient.swift */ = {isa = PBXFileReference; lastKnownFileType = sourcecode.swift; path = ControllerClient.swift; sourceTree = "<group>"; };
		82F6D6EFB1D6903413D75DDC /* KeyboardInjector.swift */ = {isa = PBXFileReference; lastKnownFileType = sourcecode.swift; path = KeyboardInjector.swift; sourceTree = "<group>"; };
		8A0354CA7F7F471B40C715D4 /* PocketPadMacApp.swift */ = {isa = PBXFileReference; lastKnownFileType = sourcecode.swift; path = PocketPadMacApp.swift; sourceTree = "<group>"; };
		8D3A0F4D2B5DA758A47BE78A /* GamepadDesignSystem.swift */ = {isa = PBXFileReference; lastKnownFileType = sourcecode.swift; path = GamepadDesignSystem.swift; sourceTree = "<group>"; };
		922775E765487887F3837392 /* GamepadCustomization.swift */ = {isa = PBXFileReference; lastKnownFileType = sourcecode.swift; path = GamepadCustomization.swift; sourceTree = "<group>"; };
		A4588ADAD4AD4DB008BBFD16 /* GeistDesign.swift */ = {isa = PBXFileReference; lastKnownFileType = sourcecode.swift; path = GeistDesign.swift; sourceTree = "<group>"; };
		A4C941A9BD623939DB2E9AB8 /* ControllerActiveInputStateSmokeTests.swift */ = {isa = PBXFileReference; lastKnownFileType = sourcecode.swift; path = ControllerActiveInputStateSmokeTests.swift; sourceTree = "<group>"; };
		A7C60C451C4D2D06141BD1B1 /* PocketPadCLITests.xctest */ = {isa = PBXFileReference; explicitFileType = wrapper.cfbundle; includeInIndex = 0; path = PocketPadCLITests.xctest; sourceTree = BUILT_PRODUCTS_DIR; };
		AEFA9CEFCA7FEE8A52FB94AE /* VirtualGamepadInjector.swift */ = {isa = PBXFileReference; lastKnownFileType = sourcecode.swift; path = VirtualGamepadInjector.swift; sourceTree = "<group>"; };
		AF66893E44A8CE1232825046 /* KeypadConfigurationExport.swift */ = {isa = PBXFileReference; lastKnownFileType = sourcecode.swift; path = KeypadConfigurationExport.swift; sourceTree = "<group>"; };
		B3F246A3CA1C18529AF35700 /* MacControlOutputBinding.swift */ = {isa = PBXFileReference; lastKnownFileType = sourcecode.swift; path = MacControlOutputBinding.swift; sourceTree = "<group>"; };
		BA1A45662AC7C95053646856 /* GamepadLayoutQuality.swift */ = {isa = PBXFileReference; lastKnownFileType = sourcecode.swift; path = GamepadLayoutQuality.swift; sourceTree = "<group>"; };
		C1F9B7D6317F0548DB0C87CE /* IOSContentView.swift */ = {isa = PBXFileReference; lastKnownFileType = sourcecode.swift; path = IOSContentView.swift; sourceTree = "<group>"; };
		D2C56AD3A6E47B2A242D7249 /* PocketPadiOS.app */ = {isa = PBXFileReference; includeInIndex = 0; lastKnownFileType = wrapper.application; path = PocketPadiOS.app; sourceTree = BUILT_PRODUCTS_DIR; };
		D30507A98A59620D45824305 /* PocketPadCLI.swift */ = {isa = PBXFileReference; lastKnownFileType = sourcecode.swift; path = PocketPadCLI.swift; sourceTree = "<group>"; };
		D83664C1515CB78B79E90837 /* Assets.xcassets */ = {isa = PBXFileReference; lastKnownFileType = folder.assetcatalog; path = Assets.xcassets; sourceTree = "<group>"; };
		E7307C2ED9136DB44501CAE8 /* PocketPadCLI */ = {isa = PBXFileReference; includeInIndex = 0; path = PocketPadCLI; sourceTree = BUILT_PRODUCTS_DIR; };
		ED972AD760E84285E8C4B596 /* PairingPayload.swift */ = {isa = PBXFileReference; lastKnownFileType = sourcecode.swift; path = PairingPayload.swift; sourceTree = "<group>"; };
		EF870EDBA108E27F43D3B007 /* ControllerActiveInputState.swift */ = {isa = PBXFileReference; lastKnownFileType = sourcecode.swift; path = ControllerActiveInputState.swift; sourceTree = "<group>"; };
		F31191DC6BBA1B5A23E1A5BA /* ControllerProtocol.swift */ = {isa = PBXFileReference; lastKnownFileType = sourcecode.swift; path = ControllerProtocol.swift; sourceTree = "<group>"; };
		F593DC9906C55E314AD25FEC /* InputLatencySimulationSmokeTests.swift */ = {isa = PBXFileReference; lastKnownFileType = sourcecode.swift; path = InputLatencySimulationSmokeTests.swift; sourceTree = "<group>"; };
		F6628198D96F8304B59FD6AF /* QRCodeScannerView.swift */ = {isa = PBXFileReference; lastKnownFileType = sourcecode.swift; path = QRCodeScannerView.swift; sourceTree = "<group>"; };
		F6D8F46431AADCA454869111 /* GameKeypadGenerator.swift */ = {isa = PBXFileReference; lastKnownFileType = sourcecode.swift; path = GameKeypadGenerator.swift; sourceTree = "<group>"; };
		FD78FB378801E9BB89ADC472 /* Assets.xcassets */ = {isa = PBXFileReference; lastKnownFileType = folder.assetcatalog; path = Assets.xcassets; sourceTree = "<group>"; };
/* End PBXFileReference section */

/* Begin PBXGroup section */
		2F2C07872F71FC9D26216512 /* CLI */ = {
			isa = PBXGroup;
			children = (
				D30507A98A59620D45824305 /* PocketPadCLI.swift */,
			);
			name = CLI;
			path = Sources/CLI;
			sourceTree = "<group>";
		};
		402E8AF4E530DE78FC78DBD9 /* Tests */ = {
			isa = PBXGroup;
			children = (
				24683D0731B15D6DF61D6DCF /* ButtonPulseSequencerSmokeTests.swift */,
				A4C941A9BD623939DB2E9AB8 /* ControllerActiveInputStateSmokeTests.swift */,
				427655EF8F8DCCDDF4151EFD /* GamepadLayoutResolverSmokeTests.swift */,
				F593DC9906C55E314AD25FEC /* InputLatencySimulationSmokeTests.swift */,
				2585E3D7919C41B0DD1E3732 /* PocketPadCLISmokeTestSuite.swift */,
			);
			path = Tests;
			sourceTree = "<group>";
		};
		5A00246C391F7AA6FB6083DB /* Mac */ = {
			isa = PBXGroup;
			children = (
				82F6D6EFB1D6903413D75DDC /* KeyboardInjector.swift */,
				52DA2C9503876B04B5F82CED /* KeyMap.swift */,
				5C2F6CF097E93197F4FD6CA8 /* MacContentView.swift */,
				0C89F51B6A80B1068097A64E /* MacControllerServer.swift */,
				B3F246A3CA1C18529AF35700 /* MacControlOutputBinding.swift */,
				8A0354CA7F7F471B40C715D4 /* PocketPadMacApp.swift */,
				64A51251EA7E80E0F6DE48C2 /* PointerInjector.swift */,
				AEFA9CEFCA7FEE8A52FB94AE /* VirtualGamepadInjector.swift */,
			);
			name = Mac;
			path = Sources/Mac;
			sourceTree = "<group>";
		};
		9007050BF108B206560E1708 /* Shared */ = {
			isa = PBXGroup;
			children = (
				0B6B6EC92CF5271AC7C1C5AC /* ButtonPulseSequencer.swift */,
				EF870EDBA108E27F43D3B007 /* ControllerActiveInputState.swift */,
				F31191DC6BBA1B5A23E1A5BA /* ControllerProtocol.swift */,
				F6D8F46431AADCA454869111 /* GameKeypadGenerator.swift */,
				922775E765487887F3837392 /* GamepadCustomization.swift */,
				8D3A0F4D2B5DA758A47BE78A /* GamepadDesignSystem.swift */,
				6DA34DBC7CEC14A47E61489E /* GamepadEditorDeviceCatalog.swift */,
				BA1A45662AC7C95053646856 /* GamepadLayoutQuality.swift */,
				0A6E14C0396B7312432CF8E0 /* GamepadOutputTypes.swift */,
				A4588ADAD4AD4DB008BBFD16 /* GeistDesign.swift */,
				AF66893E44A8CE1232825046 /* KeypadConfigurationExport.swift */,
				ED972AD760E84285E8C4B596 /* PairingPayload.swift */,
				453277C67DD55AD55623F995 /* PocketPadInputLatencySimulation.swift */,
			);
			name = Shared;
			path = Sources/Shared;
			sourceTree = "<group>";
		};
		972EFCCDE343C1B277C5A689 /* Mac */ = {
			isa = PBXGroup;
			children = (
				D83664C1515CB78B79E90837 /* Assets.xcassets */,
			);
			name = Mac;
			path = Resources/Mac;
			sourceTree = "<group>";
		};
		DF4E1E82332AB6D6C0090F90 /* Products */ = {
			isa = PBXGroup;
			children = (
				E7307C2ED9136DB44501CAE8 /* PocketPadCLI */,
				A7C60C451C4D2D06141BD1B1 /* PocketPadCLITests.xctest */,
				D2C56AD3A6E47B2A242D7249 /* PocketPadiOS.app */,
				681B687067A5F4292A2D4111 /* PocketPadMac.app */,
			);
			name = Products;
			sourceTree = "<group>";
		};
		E6EB7F9AA2C6B49F2FCE9C3D /* iOS */ = {
			isa = PBXGroup;
			children = (
				6F8E4E0048EB775369CAB45B /* ControllerClient.swift */,
				C1F9B7D6317F0548DB0C87CE /* IOSContentView.swift */,
				252777ED386D695443B445F6 /* PocketPadiOSApp.swift */,
				F6628198D96F8304B59FD6AF /* QRCodeScannerView.swift */,
				59D3034E486928F2E986F424 /* TouchCaptureView.swift */,
			);
			name = iOS;
			path = Sources/iOS;
			sourceTree = "<group>";
		};
		FA7E1B651905F2FE01A0C45A = {
			isa = PBXGroup;
			children = (
				2F2C07872F71FC9D26216512 /* CLI */,
				FD88EB9638384D17E9D9EDFD /* iOS */,
				E6EB7F9AA2C6B49F2FCE9C3D /* iOS */,
				972EFCCDE343C1B277C5A689 /* Mac */,
				5A00246C391F7AA6FB6083DB /* Mac */,
				9007050BF108B206560E1708 /* Shared */,
				402E8AF4E530DE78FC78DBD9 /* Tests */,
				DF4E1E82332AB6D6C0090F90 /* Products */,
			);
			sourceTree = "<group>";
		};
		FD88EB9638384D17E9D9EDFD /* iOS */ = {
			isa = PBXGroup;
			children = (
				FD78FB378801E9BB89ADC472 /* Assets.xcassets */,
			);
			name = iOS;
			path = Resources/iOS;
			sourceTree = "<group>";
		};
/* End PBXGroup section */

/* Begin PBXNativeTarget section */
		835D8DAC0C5A302CFAF00554 /* PocketPadMac */ = {
			isa = PBXNativeTarget;
			buildConfigurationList = C259EDFBB79DBEDF04E27407 /* Build configuration list for PBXNativeTarget "PocketPadMac" */;
			buildPhases = (
				939D515A639AFC3460847E80 /* Sources */,
				BC5B56A799D4E1B105A4BD5F /* Resources */,
			);
			buildRules = (
			);
			dependencies = (
			);
			name = PocketPadMac;
			packageProductDependencies = (
			);
			productName = PocketPadMac;
			productReference = 681B687067A5F4292A2D4111 /* PocketPadMac.app */;
			productType = "com.apple.product-type.application";
		};
		9D03AA5F394755FB7D4FA4AD /* PocketPadiOS */ = {
			isa = PBXNativeTarget;
			buildConfigurationList = 431267B53BDDDF2870E6B4B0 /* Build configuration list for PBXNativeTarget "PocketPadiOS" */;
			buildPhases = (
				375D033A26419FC8280AA4BB /* Sources */,
				EA3F7221383BDE13EE159B7F /* Resources */,
			);
			buildRules = (
			);
			dependencies = (
			);
			name = PocketPadiOS;
			packageProductDependencies = (
			);
			productName = PocketPadiOS;
			productReference = D2C56AD3A6E47B2A242D7249 /* PocketPadiOS.app */;
			productType = "com.apple.product-type.application";
		};
		9DD4BB9682C1F677A1A0DA26 /* PocketPadCLITests */ = {
			isa = PBXNativeTarget;
			buildConfigurationList = F581C4E488FD6760B3A94B03 /* Build configuration list for PBXNativeTarget "PocketPadCLITests" */;
			buildPhases = (
				270D96E072EC178E87D66C90 /* Sources */,
			);
			buildRules = (
			);
			dependencies = (
			);
			name = PocketPadCLITests;
			packageProductDependencies = (
			);
			productName = PocketPadCLITests;
			productReference = A7C60C451C4D2D06141BD1B1 /* PocketPadCLITests.xctest */;
			productType = "com.apple.product-type.bundle.unit-test";
		};
		B1DB72433E5FD51F9FE307E4 /* PocketPadCLI */ = {
			isa = PBXNativeTarget;
			buildConfigurationList = EF5D539A499428FC94564614 /* Build configuration list for PBXNativeTarget "PocketPadCLI" */;
			buildPhases = (
				E18A2EAF0EC43A1559F580B2 /* Sources */,
			);
			buildRules = (
			);
			dependencies = (
			);
			name = PocketPadCLI;
			packageProductDependencies = (
			);
			productName = PocketPadCLI;
			productReference = E7307C2ED9136DB44501CAE8 /* PocketPadCLI */;
			productType = "com.apple.product-type.tool";
		};
/* End PBXNativeTarget section */

/* Begin PBXProject section */
		8C6FE65439A37FCB161B9FDA /* Project object */ = {
			isa = PBXProject;
			attributes = {
				BuildIndependentTargetsInParallel = YES;
				LastUpgradeCheck = 1430;
				TargetAttributes = {
					835D8DAC0C5A302CFAF00554 = {
						DevelopmentTeam = 67KC823C9A;
						ProvisioningStyle = Automatic;
					};
					9D03AA5F394755FB7D4FA4AD = {
						DevelopmentTeam = 67KC823C9A;
						ProvisioningStyle = Automatic;
					};
					9DD4BB9682C1F677A1A0DA26 = {
						DevelopmentTeam = 67KC823C9A;
						ProvisioningStyle = Automatic;
					};
					B1DB72433E5FD51F9FE307E4 = {
						DevelopmentTeam = 67KC823C9A;
						ProvisioningStyle = Automatic;
					};
				};
			};
			buildConfigurationList = D0429458AA524B128CDA495D /* Build configuration list for PBXProject "PocketPad" */;
			compatibilityVersion = "Xcode 14.0";
			developmentRegion = en;
			hasScannedForEncodings = 0;
			knownRegions = (
				Base,
				en,
			);
			mainGroup = FA7E1B651905F2FE01A0C45A;
			minimizedProjectReferenceProxies = 1;
			preferredProjectObjectVersion = 77;
			projectDirPath = "";
			projectRoot = "";
			targets = (
				B1DB72433E5FD51F9FE307E4 /* PocketPadCLI */,
				9DD4BB9682C1F677A1A0DA26 /* PocketPadCLITests */,
				835D8DAC0C5A302CFAF00554 /* PocketPadMac */,
				9D03AA5F394755FB7D4FA4AD /* PocketPadiOS */,
			);
		};
/* End PBXProject section */

/* Begin PBXResourcesBuildPhase section */
		BC5B56A799D4E1B105A4BD5F /* Resources */ = {
			isa = PBXResourcesBuildPhase;
			buildActionMask = 2147483647;
			files = (
				D5558ADF1D4BEC21EC65E5FE /* Assets.xcassets in Resources */,
			);
			runOnlyForDeploymentPostprocessing = 0;
		};
		EA3F7221383BDE13EE159B7F /* Resources */ = {
			isa = PBXResourcesBuildPhase;
			buildActionMask = 2147483647;
			files = (
				CA54904E2A33552672BAE4A8 /* Assets.xcassets in Resources */,
			);
			runOnlyForDeploymentPostprocessing = 0;
		};
/* End PBXResourcesBuildPhase section */

/* Begin PBXSourcesBuildPhase section */
		270D96E072EC178E87D66C90 /* Sources */ = {
			isa = PBXSourcesBuildPhase;
			buildActionMask = 2147483647;
			files = (
				1BEA0B3F4FF8DCD810392FCD /* ButtonPulseSequencer.swift in Sources */,
				702F53CB01697A5633B07EF6 /* ButtonPulseSequencerSmokeTests.swift in Sources */,
				C454C65277A03AB9C78150F4 /* ControllerActiveInputState.swift in Sources */,
				530A5F92DD54A44268A2F110 /* ControllerActiveInputStateSmokeTests.swift in Sources */,
				EF8D066BCD747261677E536A /* ControllerProtocol.swift in Sources */,
				A7B2D43579605A1DAB888102 /* GameKeypadGenerator.swift in Sources */,
				FB4488BF86CC171B27870AB7 /* GamepadCustomization.swift in Sources */,
				352AE6CBE204A93C42C143D1 /* GamepadDesignSystem.swift in Sources */,
				E5F19FD36059BCE180B0C61D /* GamepadEditorDeviceCatalog.swift in Sources */,
				D257549EE055E058B191547E /* GamepadLayoutQuality.swift in Sources */,
				48299BA6EFD9AC53F8359174 /* GamepadLayoutResolverSmokeTests.swift in Sources */,
				68BC0F7D9631B5D7BD50F487 /* GamepadOutputTypes.swift in Sources */,
				36ABDA3F3EFFD4A1124BCF5C /* GeistDesign.swift in Sources */,
				BFB502B99DA1E1961E4C2137 /* InputLatencySimulationSmokeTests.swift in Sources */,
				56C601121E8EC8C632CEACEA /* KeypadConfigurationExport.swift in Sources */,
				F5D0B68EBF703C066E2B886B /* PairingPayload.swift in Sources */,
				500B3137F3761D118DFA0802 /* PocketPadCLISmokeTestSuite.swift in Sources */,
				8EB08A83CAF108E952CB969F /* PocketPadInputLatencySimulation.swift in Sources */,
			);
			runOnlyForDeploymentPostprocessing = 0;
		};
		375D033A26419FC8280AA4BB /* Sources */ = {
			isa = PBXSourcesBuildPhase;
			buildActionMask = 2147483647;
			files = (
				760F88A66260ADDBDDD55C5D /* ButtonPulseSequencer.swift in Sources */,
				749FE6F039F7C9420B5FA974 /* ControllerActiveInputState.swift in Sources */,
				3BB1AE0B303818DE1B7AAD41 /* ControllerClient.swift in Sources */,
				D0329A5F2B9E58AF0E701A1E /* ControllerProtocol.swift in Sources */,
				526B15970673DD97D7EAC8B9 /* GameKeypadGenerator.swift in Sources */,
				107405E3AE806F7FC3ACBDE6 /* GamepadCustomization.swift in Sources */,
				334E14AB0FC604AAC2E6FE72 /* GamepadDesignSystem.swift in Sources */,
				51E7979A47EC71A3FB7DE9B5 /* GamepadEditorDeviceCatalog.swift in Sources */,
				9983709128C93FB81A5C4349 /* GamepadLayoutQuality.swift in Sources */,
				329F09B06CF394A63DBCCA5D /* GamepadOutputTypes.swift in Sources */,
				57FB2550A180A899489C75D9 /* GeistDesign.swift in Sources */,
				CEB5D57147954DA28AE8D640 /* IOSContentView.swift in Sources */,
				6DDE0A4FDE711087EBD7BEC3 /* KeypadConfigurationExport.swift in Sources */,
				F38907CC2E45FC5D72A2AB62 /* PairingPayload.swift in Sources */,
				7A09C59F2704613658E499E6 /* PocketPadInputLatencySimulation.swift in Sources */,
				5491AD076F81ADCFF4B5A072 /* PocketPadiOSApp.swift in Sources */,
				45FBD400874A016245675BE8 /* QRCodeScannerView.swift in Sources */,
				E9777B1E6B22CB4D293A0DB9 /* TouchCaptureView.swift in Sources */,
			);
			runOnlyForDeploymentPostprocessing = 0;
		};
		939D515A639AFC3460847E80 /* Sources */ = {
			isa = PBXSourcesBuildPhase;
			buildActionMask = 2147483647;
			files = (
				49CF065CF4DBF0EC25D0C2F2 /* ButtonPulseSequencer.swift in Sources */,
				E6463CACF06A58E8D36A7A0E /* ControllerActiveInputState.swift in Sources */,
				4687661823546351CD6C1146 /* ControllerProtocol.swift in Sources */,
				701820C62CC631B33C254E00 /* GameKeypadGenerator.swift in Sources */,
				5CFB1D46E051BF18C690EE52 /* GamepadCustomization.swift in Sources */,
				0E93A7C578442F1CD9ABB949 /* GamepadDesignSystem.swift in Sources */,
				1D8B937A73EE3C3E3915A530 /* GamepadEditorDeviceCatalog.swift in Sources */,
				A6428A691F1D21F414E62072 /* GamepadLayoutQuality.swift in Sources */,
				306764D957EC599CF5552E3A /* GamepadOutputTypes.swift in Sources */,
				90C7458E718B5427933E263D /* GeistDesign.swift in Sources */,
				A7794BC74ADDF42A158EE591 /* KeyMap.swift in Sources */,
				219120CF4CD32EE487DD3D1B /* KeyboardInjector.swift in Sources */,
				9669D2177D40EB3905605633 /* KeypadConfigurationExport.swift in Sources */,
				D2113CC27BF4077951FD74B7 /* MacContentView.swift in Sources */,
				C70E7CCAB27EF1E99F638914 /* MacControlOutputBinding.swift in Sources */,
				2E05D8EBAD0CAD586BF9BEED /* MacControllerServer.swift in Sources */,
				1CEC429B738164F29705D382 /* PairingPayload.swift in Sources */,
				33F3A7E2D25E3B5C317AE148 /* PocketPadInputLatencySimulation.swift in Sources */,
				AEE86D2D421A00321BC28B13 /* PocketPadMacApp.swift in Sources */,
				46D78851C48FE140E8B3F840 /* PointerInjector.swift in Sources */,
				DC8E6F658D75509CDD7413DA /* VirtualGamepadInjector.swift in Sources */,
			);
			runOnlyForDeploymentPostprocessing = 0;
		};
		E18A2EAF0EC43A1559F580B2 /* Sources */ = {
			isa = PBXSourcesBuildPhase;
			buildActionMask = 2147483647;
			files = (
				600038F03F8E323DDEFC0C29 /* ButtonPulseSequencer.swift in Sources */,
				7171DF3CC1D86D4BD09DD8C4 /* ControllerActiveInputState.swift in Sources */,
				7E0425ED4D6D3B06013B1F3F /* ControllerProtocol.swift in Sources */,
				A3DA9F5485B11EB360C1BC38 /* GameKeypadGenerator.swift in Sources */,
				6D9A335D0A47953AF7211A98 /* GamepadCustomization.swift in Sources */,
				D8CA46B091015C9E09D8FDB4 /* GamepadDesignSystem.swift in Sources */,
				2EE262F8498497E662C63A0A /* GamepadEditorDeviceCatalog.swift in Sources */,
				299593C0CF1B6126269721F9 /* GamepadLayoutQuality.swift in Sources */,
				BC086D1DB6604D8BDB95E0D6 /* GamepadOutputTypes.swift in Sources */,
				A4FB8DCF1DA27105762132E7 /* GeistDesign.swift in Sources */,
				DFCCAEE5B80CCBD56D1DA19F /* KeyMap.swift in Sources */,
				D3C4D847C4BD79E1E49FA1AC /* KeypadConfigurationExport.swift in Sources */,
				3B3F4E17027BF839AE4ACF97 /* MacControlOutputBinding.swift in Sources */,
				7DEA4DAFFE0AFC2D81C005BB /* PairingPayload.swift in Sources */,
				4E941CD6F638E01A06227B0B /* PocketPadCLI.swift in Sources */,
				00BB755ADC04708DB0A2A795 /* PocketPadInputLatencySimulation.swift in Sources */,
			);
			runOnlyForDeploymentPostprocessing = 0;
		};
/* End PBXSourcesBuildPhase section */

/* Begin XCBuildConfiguration section */
		02531C769648902E9318A091 /* Debug */ = {
			isa = XCBuildConfiguration;
			buildSettings = {
				ASSETCATALOG_COMPILER_APPICON_NAME = AppIcon;
				CODE_SIGN_STYLE = Automatic;
				COMBINE_HIDPI_IMAGES = YES;
				DEVELOPMENT_TEAM = 67KC823C9A;
				ENABLE_HARDENED_RUNTIME = YES;
				INFOPLIST_FILE = Resources/Mac/Info.plist;
				LD_RUNPATH_SEARCH_PATHS = (
					"$(inherited)",
					"@executable_path/../Frameworks",
				);
				MACOSX_DEPLOYMENT_TARGET = 14.0;
				PRODUCT_BUNDLE_IDENTIFIER = com.codybontecou.PocketPadMac;
				PRODUCT_NAME = "PocketPad Mac";
				SDKROOT = macosx;
			};
			name = Debug;
		};
		5CB641C06430BDBC5FE3F2FE /* Debug */ = {
			isa = XCBuildConfiguration;
			buildSettings = {
				BUNDLE_LOADER = "$(TEST_HOST)";
				CODE_SIGN_STYLE = Automatic;
				COMBINE_HIDPI_IMAGES = YES;
				DEVELOPMENT_TEAM = 67KC823C9A;
				GENERATE_INFOPLIST_FILE = YES;
				LD_RUNPATH_SEARCH_PATHS = (
					"$(inherited)",
					"@executable_path/../Frameworks",
					"@loader_path/../Frameworks",
				);
				MACOSX_DEPLOYMENT_TARGET = 14.0;
				OTHER_SWIFT_FLAGS = "$(inherited) -D XCODEBUILD_TEST";
				PRODUCT_BUNDLE_IDENTIFIER = com.codybontecou.PocketPadCLITests;
				PRODUCT_NAME = PocketPadCLITests;
				SDKROOT = macosx;
			};
			name = Debug;
		};
		5FECE56EEA5634AF9A228171 /* Debug */ = {
			isa = XCBuildConfiguration;
			buildSettings = {
				ALWAYS_SEARCH_USER_PATHS = NO;
				ASSETCATALOG_COMPILER_GENERATE_SWIFT_ASSET_SYMBOL_EXTENSIONS = NO;
				CLANG_ANALYZER_NONNULL = YES;
				CLANG_ANALYZER_NUMBER_OBJECT_CONVERSION = YES_AGGRESSIVE;
				CLANG_CXX_LANGUAGE_STANDARD = "gnu++14";
				CLANG_CXX_LIBRARY = "libc++";
				CLANG_ENABLE_MODULES = YES;
				CLANG_ENABLE_OBJC_ARC = YES;
				CLANG_ENABLE_OBJC_WEAK = YES;
				CLANG_WARN_BLOCK_CAPTURE_AUTORELEASING = YES;
				CLANG_WARN_BOOL_CONVERSION = YES;
				CLANG_WARN_COMMA = YES;
				CLANG_WARN_CONSTANT_CONVERSION = YES;
				CLANG_WARN_DEPRECATED_OBJC_IMPLEMENTATIONS = YES;
				CLANG_WARN_DIRECT_OBJC_ISA_USAGE = YES_ERROR;
				CLANG_WARN_DOCUMENTATION_COMMENTS = YES;
				CLANG_WARN_EMPTY_BODY = YES;
				CLANG_WARN_ENUM_CONVERSION = YES;
				CLANG_WARN_INFINITE_RECURSION = YES;
				CLANG_WARN_INT_CONVERSION = YES;
				CLANG_WARN_NON_LITERAL_NULL_CONVERSION = YES;
				CLANG_WARN_OBJC_IMPLICIT_RETAIN_SELF = YES;
				CLANG_WARN_OBJC_LITERAL_CONVERSION = YES;
				CLANG_WARN_OBJC_ROOT_CLASS = YES_ERROR;
				CLANG_WARN_QUOTED_INCLUDE_IN_FRAMEWORK_HEADER = YES;
				CLANG_WARN_RANGE_LOOP_ANALYSIS = YES;
				CLANG_WARN_STRICT_PROTOTYPES = YES;
				CLANG_WARN_SUSPICIOUS_MOVE = YES;
				CLANG_WARN_UNGUARDED_AVAILABILITY = YES_AGGRESSIVE;
				CLANG_WARN_UNREACHABLE_CODE = YES;
				CLANG_WARN__DUPLICATE_METHOD_MATCH = YES;
				COPY_PHASE_STRIP = NO;
				DEBUG_INFORMATION_FORMAT = dwarf;
				ENABLE_STRICT_OBJC_MSGSEND = YES;
				ENABLE_TESTABILITY = YES;
				GCC_C_LANGUAGE_STANDARD = gnu11;
				GCC_DYNAMIC_NO_PIC = NO;
				GCC_NO_COMMON_BLOCKS = YES;
				GCC_OPTIMIZATION_LEVEL = 0;
				GCC_PREPROCESSOR_DEFINITIONS = (
					"$(inherited)",
					"DEBUG=1",
				);
				GCC_WARN_64_TO_32_BIT_CONVERSION = YES;
				GCC_WARN_ABOUT_RETURN_TYPE = YES_ERROR;
				GCC_WARN_UNDECLARED_SELECTOR = YES;
				GCC_WARN_UNINITIALIZED_AUTOS = YES_AGGRESSIVE;
				GCC_WARN_UNUSED_FUNCTION = YES;
				GCC_WARN_UNUSED_VARIABLE = YES;
				IPHONEOS_DEPLOYMENT_TARGET = 17.0;
				MACOSX_DEPLOYMENT_TARGET = 14.0;
				MTL_ENABLE_DEBUG_INFO = INCLUDE_SOURCE;
				MTL_FAST_MATH = YES;
				ONLY_ACTIVE_ARCH = YES;
				PRODUCT_NAME = "$(TARGET_NAME)";
				SWIFT_ACTIVE_COMPILATION_CONDITIONS = DEBUG;
				SWIFT_OPTIMIZATION_LEVEL = "-Onone";
				SWIFT_VERSION = 5.9;
			};
			name = Debug;
		};
		6DF55524DBDB092B9838C457 /* Release */ = {
			isa = XCBuildConfiguration;
			buildSettings = {
				ALWAYS_SEARCH_USER_PATHS = NO;
				ASSETCATALOG_COMPILER_GENERATE_SWIFT_ASSET_SYMBOL_EXTENSIONS = NO;
				CLANG_ANALYZER_NONNULL = YES;
				CLANG_ANALYZER_NUMBER_OBJECT_CONVERSION = YES_AGGRESSIVE;
				CLANG_CXX_LANGUAGE_STANDARD = "gnu++14";
				CLANG_CXX_LIBRARY = "libc++";
				CLANG_ENABLE_MODULES = YES;
				CLANG_ENABLE_OBJC_ARC = YES;
				CLANG_ENABLE_OBJC_WEAK = YES;
				CLANG_WARN_BLOCK_CAPTURE_AUTORELEASING = YES;
				CLANG_WARN_BOOL_CONVERSION = YES;
				CLANG_WARN_COMMA = YES;
				CLANG_WARN_CONSTANT_CONVERSION = YES;
				CLANG_WARN_DEPRECATED_OBJC_IMPLEMENTATIONS = YES;
				CLANG_WARN_DIRECT_OBJC_ISA_USAGE = YES_ERROR;
				CLANG_WARN_DOCUMENTATION_COMMENTS = YES;
				CLANG_WARN_EMPTY_BODY = YES;
				CLANG_WARN_ENUM_CONVERSION = YES;
				CLANG_WARN_INFINITE_RECURSION = YES;
				CLANG_WARN_INT_CONVERSION = YES;
				CLANG_WARN_NON_LITERAL_NULL_CONVERSION = YES;
				CLANG_WARN_OBJC_IMPLICIT_RETAIN_SELF = YES;
				CLANG_WARN_OBJC_LITERAL_CONVERSION = YES;
				CLANG_WARN_OBJC_ROOT_CLASS = YES_ERROR;
				CLANG_WARN_QUOTED_INCLUDE_IN_FRAMEWORK_HEADER = YES;
				CLANG_WARN_RANGE_LOOP_ANALYSIS = YES;
				CLANG_WARN_STRICT_PROTOTYPES = YES;
				CLANG_WARN_SUSPICIOUS_MOVE = YES;
				CLANG_WARN_UNGUARDED_AVAILABILITY = YES_AGGRESSIVE;
				CLANG_WARN_UNREACHABLE_CODE = YES;
				CLANG_WARN__DUPLICATE_METHOD_MATCH = YES;
				COPY_PHASE_STRIP = NO;
				DEBUG_INFORMATION_FORMAT = "dwarf-with-dsym";
				ENABLE_NS_ASSERTIONS = NO;
				ENABLE_STRICT_OBJC_MSGSEND = YES;
				GCC_C_LANGUAGE_STANDARD = gnu11;
				GCC_NO_COMMON_BLOCKS = YES;
				GCC_WARN_64_TO_32_BIT_CONVERSION = YES;
				GCC_WARN_ABOUT_RETURN_TYPE = YES_ERROR;
				GCC_WARN_UNDECLARED_SELECTOR = YES;
				GCC_WARN_UNINITIALIZED_AUTOS = YES_AGGRESSIVE;
				GCC_WARN_UNUSED_FUNCTION = YES;
				GCC_WARN_UNUSED_VARIABLE = YES;
				IPHONEOS_DEPLOYMENT_TARGET = 17.0;
				MACOSX_DEPLOYMENT_TARGET = 14.0;
				MTL_ENABLE_DEBUG_INFO = NO;
				MTL_FAST_MATH = YES;
				PRODUCT_NAME = "$(TARGET_NAME)";
				SWIFT_COMPILATION_MODE = wholemodule;
				SWIFT_OPTIMIZATION_LEVEL = "-O";
				SWIFT_VERSION = 5.9;
			};
			name = Release;
		};
		8FE3D1BBC8FE4E65A9969377 /* Debug */ = {
			isa = XCBuildConfiguration;
			buildSettings = {
				ASSETCATALOG_COMPILER_APPICON_NAME = AppIcon;
				CODE_SIGN_IDENTITY = "iPhone Developer";
				CODE_SIGN_STYLE = Automatic;
				DEVELOPMENT_TEAM = 67KC823C9A;
				INFOPLIST_FILE = Resources/iOS/Info.plist;
				IPHONEOS_DEPLOYMENT_TARGET = 17.0;
				LD_RUNPATH_SEARCH_PATHS = (
					"$(inherited)",
					"@executable_path/Frameworks",
				);
				PRODUCT_BUNDLE_IDENTIFIER = com.codybontecou.PocketPad.iOS;
				PRODUCT_NAME = PocketPad;
				SDKROOT = iphoneos;
				TARGETED_DEVICE_FAMILY = "1,2";
			};
			name = Debug;
		};
		A07A49F4CFD2C3AACF84F289 /* Release */ = {
			isa = XCBuildConfiguration;
			buildSettings = {
				ASSETCATALOG_COMPILER_APPICON_NAME = AppIcon;
				CODE_SIGN_IDENTITY = "iPhone Developer";
				CODE_SIGN_STYLE = Automatic;
				DEVELOPMENT_TEAM = 67KC823C9A;
				INFOPLIST_FILE = Resources/iOS/Info.plist;
				IPHONEOS_DEPLOYMENT_TARGET = 17.0;
				LD_RUNPATH_SEARCH_PATHS = (
					"$(inherited)",
					"@executable_path/Frameworks",
				);
				PRODUCT_BUNDLE_IDENTIFIER = com.codybontecou.PocketPad.iOS;
				PRODUCT_NAME = PocketPad;
				SDKROOT = iphoneos;
				TARGETED_DEVICE_FAMILY = "1,2";
			};
			name = Release;
		};
		B01FF2DDB389844530E95274 /* Release */ = {
			isa = XCBuildConfiguration;
			buildSettings = {
				ASSETCATALOG_COMPILER_APPICON_NAME = AppIcon;
				CODE_SIGN_STYLE = Automatic;
				COMBINE_HIDPI_IMAGES = YES;
				DEVELOPMENT_TEAM = 67KC823C9A;
				ENABLE_HARDENED_RUNTIME = YES;
				INFOPLIST_FILE = Resources/Mac/Info.plist;
				LD_RUNPATH_SEARCH_PATHS = (
					"$(inherited)",
					"@executable_path/../Frameworks",
				);
				MACOSX_DEPLOYMENT_TARGET = 14.0;
				PRODUCT_BUNDLE_IDENTIFIER = com.codybontecou.PocketPadMac;
				PRODUCT_NAME = "PocketPad Mac";
				SDKROOT = macosx;
			};
			name = Release;
		};
		B1114936825113A3E133CEAE /* Release */ = {
			isa = XCBuildConfiguration;
			buildSettings = {
				CODE_SIGN_STYLE = Automatic;
				COMBINE_HIDPI_IMAGES = YES;
				DEVELOPMENT_TEAM = 67KC823C9A;
				LD_RUNPATH_SEARCH_PATHS = (
					"$(inherited)",
					"@executable_path/../Frameworks",
				);
				MACOSX_DEPLOYMENT_TARGET = 14.0;
				PRODUCT_BUNDLE_IDENTIFIER = com.codybontecou.PocketPadCLI;
				PRODUCT_NAME = pocketpad;
				SDKROOT = macosx;
			};
			name = Release;
		};
		DC81675AB24BBF1249A484A8 /* Release */ = {
			isa = XCBuildConfiguration;
			buildSettings = {
				BUNDLE_LOADER = "$(TEST_HOST)";
				CODE_SIGN_STYLE = Automatic;
				COMBINE_HIDPI_IMAGES = YES;
				DEVELOPMENT_TEAM = 67KC823C9A;
				GENERATE_INFOPLIST_FILE = YES;
				LD_RUNPATH_SEARCH_PATHS = (
					"$(inherited)",
					"@executable_path/../Frameworks",
					"@loader_path/../Frameworks",
				);
				MACOSX_DEPLOYMENT_TARGET = 14.0;
				OTHER_SWIFT_FLAGS = "$(inherited) -D XCODEBUILD_TEST";
				PRODUCT_BUNDLE_IDENTIFIER = com.codybontecou.PocketPadCLITests;
				PRODUCT_NAME = PocketPadCLITests;
				SDKROOT = macosx;
			};
			name = Release;
		};
		E2E21044A7D3864FBA1CDA60 /* Debug */ = {
			isa = XCBuildConfiguration;
			buildSettings = {
				CODE_SIGN_STYLE = Automatic;
				COMBINE_HIDPI_IMAGES = YES;
				DEVELOPMENT_TEAM = 67KC823C9A;
				LD_RUNPATH_SEARCH_PATHS = (
					"$(inherited)",
					"@executable_path/../Frameworks",
				);
				MACOSX_DEPLOYMENT_TARGET = 14.0;
				PRODUCT_BUNDLE_IDENTIFIER = com.codybontecou.PocketPadCLI;
				PRODUCT_NAME = pocketpad;
				SDKROOT = macosx;
			};
			name = Debug;
		};
/* End XCBuildConfiguration section */

/* Begin XCConfigurationList section */
		431267B53BDDDF2870E6B4B0 /* Build configuration list for PBXNativeTarget "PocketPadiOS" */ = {
			isa = XCConfigurationList;
			buildConfigurations = (
				8FE3D1BBC8FE4E65A9969377 /* Debug */,
				A07A49F4CFD2C3AACF84F289 /* Release */,
			);
			defaultConfigurationIsVisible = 0;
			defaultConfigurationName = Debug;
		};
		C259EDFBB79DBEDF04E27407 /* Build configuration list for PBXNativeTarget "PocketPadMac" */ = {
			isa = XCConfigurationList;
			buildConfigurations = (
				02531C769648902E9318A091 /* Debug */,
				B01FF2DDB389844530E95274 /* Release */,
			);
			defaultConfigurationIsVisible = 0;
			defaultConfigurationName = Debug;
		};
		D0429458AA524B128CDA495D /* Build configuration list for PBXProject "PocketPad" */ = {
			isa = XCConfigurationList;
			buildConfigurations = (
				5FECE56EEA5634AF9A228171 /* Debug */,
				6DF55524DBDB092B9838C457 /* Release */,
			);
			defaultConfigurationIsVisible = 0;
			defaultConfigurationName = Debug;
		};
		EF5D539A499428FC94564614 /* Build configuration list for PBXNativeTarget "PocketPadCLI" */ = {
			isa = XCConfigurationList;
			buildConfigurations = (
				E2E21044A7D3864FBA1CDA60 /* Debug */,
				B1114936825113A3E133CEAE /* Release */,
			);
			defaultConfigurationIsVisible = 0;
			defaultConfigurationName = Debug;
		};
		F581C4E488FD6760B3A94B03 /* Build configuration list for PBXNativeTarget "PocketPadCLITests" */ = {
			isa = XCConfigurationList;
			buildConfigurations = (
				5CB641C06430BDBC5FE3F2FE /* Debug */,
				DC81675AB24BBF1249A484A8 /* Release */,
			);
			defaultConfigurationIsVisible = 0;
			defaultConfigurationName = Debug;
		};
/* End XCConfigurationList section */
	};
	rootObject = 8C6FE65439A37FCB161B9FDA /* Project object */;
}
